
Microsoft Visual Studio Solution File, Format Version 12.00
# Visual Studio Version 16
VisualStudioVersion = 16.0.33529.622
MinimumVisualStudioVersion = 10.0.40219.1
Project("{9A19103F-16F7-4668-BE54-9A1E7A4F7556}") = "WebApi", "WebApi.csproj", "{E39BAF64-F0CF-4BA3-A8D3-C92B2FCB8E40}"
EndProject
Project("{9A19103F-16F7-4668-BE54-9A1E7A4F7556}") = "Database", "..\Database\Database.csproj", "{C5D11A06-1761-4552-8E3C-CDC33495A3BB}"
EndProject
Project("{9A19103F-16F7-4668-BE54-9A1E7A4F7556}") = "BusinessLogic", "..\BusinessLogic\BusinessLogic.csproj", "{59F9D00B-896A-49BA-B881-A57053A8CE3B}"
EndProject
Global
	GlobalSection(SolutionConfigurationPlatforms) = preSolution
		Debug|Any CPU = Debug|Any CPU
		Release|Any CPU = Release|Any CPU
	EndGlobalSection
	GlobalSection(ProjectConfigurationPlatforms) = postSolution
		{E39BAF64-F0CF-4BA3-A8D3-C92B2FCB8E40}.Debug|Any CPU.ActiveCfg = Debug|Any CPU
		{E39BAF64-F0CF-4BA3-A8D3-C92B2FCB8E40}.Debug|Any CPU.Build.0 = Debug|Any CPU
		{E39BAF64-F0CF-4BA3-A8D3-C92B2FCB8E40}.Release|Any CPU.ActiveCfg = Release|Any CPU
		{E39BAF64-F0CF-4BA3-A8D3-C92B2FCB8E40}.Release|Any CPU.Build.0 = Release|Any CPU
		{C5D11A06-1761-4552-8E3C-CDC33495A3BB}.Debug|Any CPU.ActiveCfg = Debug|Any CPU
		{C5D11A06-1761-4552-8E3C-CDC33495A3BB}.Debug|Any CPU.Build.0 = Debug|Any CPU
		{C5D11A06-1761-4552-8E3C-CDC33495A3BB}.Release|Any CPU.ActiveCfg = Release|Any CPU
		{C5D11A06-1761-4552-8E3C-CDC33495A3BB}.Release|Any CPU.Build.0 = Release|Any CPU
		{59F9D00B-896A-49BA-B881-A57053A8CE3B}.Debug|Any CPU.ActiveCfg = Debug|Any CPU
		{59F9D00B-896A-49BA-B881-A57053A8CE3B}.Debug|Any CPU.Build.0 = Debug|Any CPU
		{59F9D00B-896A-49BA-B881-A57053A8CE3B}.Release|Any CPU.ActiveCfg = Release|Any CPU
		{59F9D00B-896A-49BA-B881-A57053A8CE3B}.Release|Any CPU.Build.0 = Release|Any CPU
	EndGlobalSection
	GlobalSection(SolutionProperties) = preSolution
		HideSolutionNode = FALSE
	EndGlobalSection
	GlobalSection(ExtensibilityGlobals) = postSolution
		SolutionGuid = {B68955C1-D992-444B-AE34-A14F66D5E754}
	EndGlobalSection
EndGlobal
